
Microsoft Visual Studio Solution File, Format Version 12.00
Project("{F2A71F9B-5D33-465A-A702-920D77279786}") = "FsCron", "FsCron/FsCron.fsproj", "{C1B7DF3D-B103-402F-BFA3-2D1C86E00D06}"
EndProject
Project("{FAE04EC0-301F-11D3-BF4B-00C04F79EFBC}") = "FsCron.TestApp", "FsCron.TestApp\FsCron.TestApp.csproj", "{17D30E08-3BD2-4F4D-BD53-3D87DFA29180}"
EndProject
Project("{FAE04EC0-301F-11D3-BF4B-00C04F79EFBC}") = "FsCron.TestApp.Console", "FsCron.TestApp.Console\FsCron.TestApp.Console.csproj", "{09AB8DCF-5C4E-4BE1-8F0A-FD79781FCF09}"
EndProject
Global
	GlobalSection(SolutionConfigurationPlatforms) = preSolution
		Debug|Any CPU = Debug|Any CPU
		Release|Any CPU = Release|Any CPU
	EndGlobalSection
	GlobalSection(ProjectConfigurationPlatforms) = postSolution
		{C1B7DF3D-B103-402F-BFA3-2D1C86E00D06}.Debug|Any CPU.ActiveCfg = Debug|Any CPU
		{C1B7DF3D-B103-402F-BFA3-2D1C86E00D06}.Debug|Any CPU.Build.0 = Debug|Any CPU
		{C1B7DF3D-B103-402F-BFA3-2D1C86E00D06}.Release|Any CPU.ActiveCfg = Release|Any CPU
		{C1B7DF3D-B103-402F-BFA3-2D1C86E00D06}.Release|Any CPU.Build.0 = Release|Any CPU
		{17D30E08-3BD2-4F4D-BD53-3D87DFA29180}.Debug|Any CPU.ActiveCfg = Debug|Any CPU
		{17D30E08-3BD2-4F4D-BD53-3D87DFA29180}.Debug|Any CPU.Build.0 = Debug|Any CPU
		{17D30E08-3BD2-4F4D-BD53-3D87DFA29180}.Release|Any CPU.ActiveCfg = Release|Any CPU
		{17D30E08-3BD2-4F4D-BD53-3D87DFA29180}.Release|Any CPU.Build.0 = Release|Any CPU
		{09AB8DCF-5C4E-4BE1-8F0A-FD79781FCF09}.Debug|Any CPU.ActiveCfg = Debug|Any CPU
		{09AB8DCF-5C4E-4BE1-8F0A-FD79781FCF09}.Debug|Any CPU.Build.0 = Debug|Any CPU
		{09AB8DCF-5C4E-4BE1-8F0A-FD79781FCF09}.Release|Any CPU.ActiveCfg = Release|Any CPU
		{09AB8DCF-5C4E-4BE1-8F0A-FD79781FCF09}.Release|Any CPU.Build.0 = Release|Any CPU
	EndGlobalSection
EndGlobal
